
Microsoft Visual Studio Solution File, Format Version 12.00
# Visual Studio Version 17
VisualStudioVersion = 17.2.32616.157
MinimumVisualStudioVersion = 10.0.40219.1
Project("{FAE04EC0-301F-11D3-BF4B-00C04F79EFBC}") = "EmployeeWeb", "EmployeeWeb\EmployeeWeb.csproj", "{9AF29299-7E8D-4978-AA0C-D8D478AE9564}"
EndProject
Global
	GlobalSection(SolutionConfigurationPlatforms) = preSolution
		Debug|Any CPU = Debug|Any CPU
		Release|Any CPU = Release|Any CPU
	EndGlobalSection
	GlobalSection(ProjectConfigurationPlatforms) = postSolution
		{9AF29299-7E8D-4978-AA0C-D8D478AE9564}.Debug|Any CPU.ActiveCfg = Debug|Any CPU
		{9AF29299-7E8D-4978-AA0C-D8D478AE9564}.Debug|Any CPU.Build.0 = Debug|Any CPU
		{9AF29299-7E8D-4978-AA0C-D8D478AE9564}.Release|Any CPU.ActiveCfg = Release|Any CPU
		{9AF29299-7E8D-4978-AA0C-D8D478AE9564}.Release|Any CPU.Build.0 = Release|Any CPU
	EndGlobalSection
	GlobalSection(SolutionProperties) = preSolution
		HideSolutionNode = FALSE
	EndGlobalSection
	GlobalSection(ExtensibilityGlobals) = postSolution
		SolutionGuid = {50E61AD9-7746-40C7-B99E-87F86AFFD2DF}
	EndGlobalSection
EndGlobal
